{
  "name": "5.8",
  "lockfileVersion": 3,
  "requires": true,
  "packages": {
    "": {
      "dependencies": {
        "types-registry": "^0.1.720"
      },
      "devDependencies": {
        "@types/bcrypt": "^5.0.2",
        "@types/body-parser": "^1.19.5",
        "@types/cookie-signature": "^1.1.2",
        "@types/cors": "^2.8.18",
        "@types/debug": "^4.1.12",
        "@types/depd": "^1.1.37",
        "@types/express": "^5.0.1",
        "@types/express-session": "^1.18.1",
        "@types/less": "^3.0.8",
        "@types/merge-descriptors": "^1.0.3",
        "@types/node": "^22.15.17",
        "@types/nopt": "^3.0.32",
        "@types/npmlog": "^7.0.0",
        "@types/object-assign": "^4.0.33",
        "@types/on-headers": "^1.0.3",
        "@types/parseurl": "^1.3.3",
        "@types/random-bytes": "^1.0.3",
        "@types/react": "^19.1.4",
        "@types/react-dom": "^19.1.4",
        "@types/serve-static": "^1.15.7",
        "@types/stylus": "^0.48.43",
        "@types/uid-safe": "^2.1.5",
        "@types/vary": "^1.1.3"
      }
    },
    "node_modules/@types/bcrypt": {
      "version": "5.0.2",
      "resolved": "https://registry.npmjs.org/@types/bcrypt/-/bcrypt-5.0.2.tgz",
      "integrity": "sha512-6atioO8Y75fNcbmj0G7UjI9lXN2pQ/IGJ2FWT4a/btd0Lk9lQalHLKhkgKVZ3r+spnmWUKfbMi1GEe9wyHQfNQ==",
      "dev": true,
      "dependencies": {
        "@types/node": "*"
      }
    },
    "node_modules/@types/body-parser": {
      "version": "1.19.5",
      "resolved": "https://registry.npmjs.org/@types/body-parser/-/body-parser-1.19.5.tgz",
      "integrity": "sha512-fB3Zu92ucau0iQ0JMCFQE7b/dv8Ot07NI3KaZIkIUNXq82k4eBAqUaneXfleGY9JWskeS9y+u0nXMyspcuQrCg==",
      "dev": true,
      "dependencies": {
        "@types/connect": "*",
        "@types/node": "*"
      }
    },
    "node_modules/@types/connect": {
      "version": "3.4.38",
      "resolved": "https://registry.npmjs.org/@types/connect/-/connect-3.4.38.tgz",
      "integrity": "sha512-K6uROf1LD88uDQqJCktA4yzL1YYAK6NgfsI0v/mTgyPKWsX1CnJ0XPSDhViejru1GcRkLWb8RlzFYJRqGUbaug==",
      "dev": true,
      "dependencies": {
        "@types/node": "*"
      }
    },
    "node_modules/@types/cookie-signature": {
      "version": "1.1.2",
      "resolved": "https://registry.npmjs.org/@types/cookie-signature/-/cookie-signature-1.1.2.tgz",
      "integrity": "sha512-2OhrZV2LVnUAXklUFwuYUTokalh/dUb8rqt70OW6ByMSxYpauPZ+kfNLknX3aJyjY5iu8i3cUyoLZP9Fn37tTg==",
      "dev": true,
      "dependencies": {
        "@types/node": "*"
      }
    },
    "node_modules/@types/cors": {
      "version": "2.8.18",
      "resolved": "https://registry.npmjs.org/@types/cors/-/cors-2.8.18.tgz",
      "integrity": "sha512-nX3d0sxJW41CqQvfOzVG1NCTXfFDrDWIghCZncpHeWlVFd81zxB/DLhg7avFg6eHLCRX7ckBmoIIcqa++upvJA==",
      "dev": true,
      "dependencies": {
        "@types/node": "*"
      }
    },
    "node_modules/@types/debug": {
      "version": "4.1.12",
      "resolved": "https://registry.npmjs.org/@types/debug/-/debug-4.1.12.tgz",
      "integrity": "sha512-vIChWdVG3LG1SMxEvI/AK+FWJthlrqlTu7fbrlywTkkaONwk/UAGaULXRlf8vkzFBLVm0zkMdCquhL5aOjhXPQ==",
      "dev": true,
      "dependencies": {
        "@types/ms": "*"
      }
    },
    "node_modules/@types/depd": {
      "version": "1.1.37",
      "resolved": "https://registry.npmjs.org/@types/depd/-/depd-1.1.37.tgz",
      "integrity": "sha512-PkEYFHnqDFgs+bJXJX0L8mq7sn3DWh+TP0m8BBJUJfZ2WcjRm7jd7Cq68jIJt+c31R1gX0cwSK1ZXOECvN97Rg==",
      "dev": true,
      "dependencies": {
        "@types/node": "*"
      }
    },
    "node_modules/@types/express": {
      "version": "5.0.1",
      "resolved": "https://registry.npmjs.org/@types/express/-/express-5.0.1.tgz",
      "integrity": "sha512-UZUw8vjpWFXuDnjFTh7/5c2TWDlQqeXHi6hcN7F2XSVT5P+WmUnnbFS3KA6Jnc6IsEqI2qCVu2bK0R0J4A8ZQQ==",
      "dev": true,
      "dependencies": {
        "@types/body-parser": "*",
        "@types/express-serve-static-core": "^5.0.0",
        "@types/serve-static": "*"
      }
    },
    "node_modules/@types/express-serve-static-core": {
      "version": "5.0.6",
      "resolved": "https://registry.npmjs.org/@types/express-serve-static-core/-/express-serve-static-core-5.0.6.tgz",
      "integrity": "sha512-3xhRnjJPkULekpSzgtoNYYcTWgEZkp4myc+Saevii5JPnHNvHMRlBSHDbs7Bh1iPPoVTERHEZXyhyLbMEsExsA==",
      "dev": true,
      "dependencies": {
        "@types/node": "*",
        "@types/qs": "*",
        "@types/range-parser": "*",
        "@types/send": "*"
      }
    },
    "node_modules/@types/express-session": {
      "version": "1.18.1",
      "resolved": "https://registry.npmjs.org/@types/express-session/-/express-session-1.18.1.tgz",
      "integrity": "sha512-S6TkD/lljxDlQ2u/4A70luD8/ZxZcrU5pQwI1rVXCiaVIywoFgbA+PIUNDjPhQpPdK0dGleLtYc/y7XWBfclBg==",
      "dev": true,
      "dependencies": {
        "@types/express": "*"
      }
    },
    "node_modules/@types/http-errors": {
      "version": "2.0.4",
      "resolved": "https://registry.npmjs.org/@types/http-errors/-/http-errors-2.0.4.tgz",
      "integrity": "sha512-D0CFMMtydbJAegzOyHjtiKPLlvnm3iTZyZRSZoLq2mRhDdmLfIWOCYPfQJ4cu2erKghU++QvjcUjp/5h7hESpA==",
      "dev": true
    },
    "node_modules/@types/less": {
      "version": "3.0.8",
      "resolved": "https://registry.npmjs.org/@types/less/-/less-3.0.8.tgz",
      "integrity": "sha512-Gjm4+H9noDJgu5EdT3rUw5MhPBag46fiOy27BefvWkNL8mlZnKnCaVVVTLKj6RYXed9b62CPKnPav9govyQDzA==",
      "dev": true
    },
    "node_modules/@types/merge-descriptors": {
      "version": "1.0.3",
      "resolved": "https://registry.npmjs.org/@types/merge-descriptors/-/merge-descriptors-1.0.3.tgz",
      "integrity": "sha512-ZhU/HNM9R75TO8PBn0+zDi7tbYEygeraTjDHAkGpgFFKKEj/Al4RysG+oWyrRusPRDUvctaK+SYrw1m2SdLNNQ==",
      "dev": true
    },
    "node_modules/@types/mime": {
      "version": "1.3.5",
      "resolved": "https://registry.npmjs.org/@types/mime/-/mime-1.3.5.tgz",
      "integrity": "sha512-/pyBZWSLD2n0dcHE3hq8s8ZvcETHtEuF+3E7XVt0Ig2nvsVQXdghHVcEkIWjy9A0wKfTn97a/PSDYohKIlnP/w==",
      "dev": true
    },
    "node_modules/@types/ms": {
      "version": "2.1.0",
      "resolved": "https://registry.npmjs.org/@types/ms/-/ms-2.1.0.tgz",
      "integrity": "sha512-GsCCIZDE/p3i96vtEqx+7dBUGXrc7zeSK3wwPHIaRThS+9OhWIXRqzs4d6k1SVU8g91DrNRWxWUGhp5KXQb2VA==",
      "dev": true
    },
    "node_modules/@types/node": {
      "version": "22.15.17",
      "resolved": "https://registry.npmjs.org/@types/node/-/node-22.15.17.tgz",
      "integrity": "sha512-wIX2aSZL5FE+MR0JlvF87BNVrtFWf6AE6rxSE9X7OwnVvoyCQjpzSRJ+M87se/4QCkCiebQAqrJ0y6fwIyi7nw==",
      "dev": true,
      "dependencies": {
        "undici-types": "~6.21.0"
      }
    },
    "node_modules/@types/nopt": {
      "version": "3.0.32",
      "resolved": "https://registry.npmjs.org/@types/nopt/-/nopt-3.0.32.tgz",
      "integrity": "sha512-UP8QR0GaR8AE3l4wDmyCx4lEkX5o/1YVeDBqb1UqmfHefZqFNedQLTsobfzw56CvlXVVbt6kAwJJbN1yDTp16Q==",
      "dev": true
    },
    "node_modules/@types/npmlog": {
      "version": "7.0.0",
      "resolved": "https://registry.npmjs.org/@types/npmlog/-/npmlog-7.0.0.tgz",
      "integrity": "sha512-hJWbrKFvxKyWwSUXjZMYTINsSOY6IclhvGOZ97M8ac2tmR9hMwmTnYaMdpGhvju9ctWLTPhCS+eLfQNluiEjQQ==",
      "dev": true,
      "dependencies": {
        "@types/node": "*"
      }
    },
    "node_modules/@types/object-assign": {
      "version": "4.0.33",
      "resolved": "https://registry.npmjs.org/@types/object-assign/-/object-assign-4.0.33.tgz",
      "integrity": "sha512-HeuamLPmpVPuJU/oY7z/YGAezy4HFy6mhvzwupi9Xc8n0FKY8tR1/U3AKaOn/I5Mb4dvbw2szSYcXi84eW07TQ==",
      "dev": true
    },
    "node_modules/@types/on-headers": {
      "version": "1.0.3",
      "resolved": "https://registry.npmjs.org/@types/on-headers/-/on-headers-1.0.3.tgz",
      "integrity": "sha512-jvGNvFo8uOL6fiBGvD4Ul4lT8mZoJ57l3h0ZN/a1oHziTTXUV3slaRcYm2K1wvvLX1fhIg9AvKykxKFt3mM+Xg==",
      "dev": true,
      "dependencies": {
        "@types/node": "*"
      }
    },
    "node_modules/@types/parseurl": {
      "version": "1.3.3",
      "resolved": "https://registry.npmjs.org/@types/parseurl/-/parseurl-1.3.3.tgz",
      "integrity": "sha512-eamlh+uXpNIG2yVdl6UdBTR3B6jtmJl/JWTNTQAN1K3VH1s5F6UPOhgLwCnU9FJ7R/PnUsRN9zFSpMcxwa2Ndg==",
      "dev": true,
      "dependencies": {
        "@types/node": "*"
      }
    },
    "node_modules/@types/qs": {
      "version": "6.9.18",
      "resolved": "https://registry.npmjs.org/@types/qs/-/qs-6.9.18.tgz",
      "integrity": "sha512-kK7dgTYDyGqS+e2Q4aK9X3D7q234CIZ1Bv0q/7Z5IwRDoADNU81xXJK/YVyLbLTZCoIwUoDoffFeF+p/eIklAA==",
      "dev": true
    },
    "node_modules/@types/random-bytes": {
      "version": "1.0.3",
      "resolved": "https://registry.npmjs.org/@types/random-bytes/-/random-bytes-1.0.3.tgz",
      "integrity": "sha512-6nve5bn855hDQ9hfno5oM9I0HH0nR88abvm2XbQyTbvh1j3YVi7+BoMB4aXln84yTR3tksHe937DtAfYSm6aFg==",
      "dev": true,
      "dependencies": {
        "@types/node": "*"
      }
    },
    "node_modules/@types/range-parser": {
      "version": "1.2.7",
      "resolved": "https://registry.npmjs.org/@types/range-parser/-/range-parser-1.2.7.tgz",
      "integrity": "sha512-hKormJbkJqzQGhziax5PItDUTMAM9uE2XXQmM37dyd4hVM+5aVl7oVxMVUiVQn2oCQFN/LKCZdvSM0pFRqbSmQ==",
      "dev": true
    },
    "node_modules/@types/react": {
      "version": "19.1.4",
      "resolved": "https://registry.npmjs.org/@types/react/-/react-19.1.4.tgz",
      "integrity": "sha512-EB1yiiYdvySuIITtD5lhW4yPyJ31RkJkkDw794LaQYrxCSaQV/47y5o1FMC4zF9ZyjUjzJMZwbovEnT5yHTW6g==",
      "dev": true,
      "dependencies": {
        "csstype": "^3.0.2"
      }
    },
    "node_modules/@types/react-dom": {
      "version": "19.1.4",
      "resolved": "https://registry.npmjs.org/@types/react-dom/-/react-dom-19.1.4.tgz",
      "integrity": "sha512-WxYAszDYgsMV31OVyoG4jbAgJI1Gw0Xq9V19zwhy6+hUUJlJIdZ3r/cbdmTqFv++SktQkZ/X+46yGFxp5XJBEg==",
      "dev": true,
      "peerDependencies": {
        "@types/react": "^19.0.0"
      }
    },
    "node_modules/@types/send": {
      "version": "0.17.4",
      "resolved": "https://registry.npmjs.org/@types/send/-/send-0.17.4.tgz",
      "integrity": "sha512-x2EM6TJOybec7c52BX0ZspPodMsQUd5L6PRwOunVyVUhXiBSKf3AezDL8Dgvgt5o0UfKNfuA0eMLr2wLT4AiBA==",
      "dev": true,
      "dependencies": {
        "@types/mime": "^1",
        "@types/node": "*"
      }
    },
    "node_modules/@types/serve-static": {
      "version": "1.15.7",
      "resolved": "https://registry.npmjs.org/@types/serve-static/-/serve-static-1.15.7.tgz",
      "integrity": "sha512-W8Ym+h8nhuRwaKPaDw34QUkwsGi6Rc4yYqvKFo5rm2FUEhCFbzVWrxXUxuKK8TASjWsysJY0nsmNCGhCOIsrOw==",
      "dev": true,
      "dependencies": {
        "@types/http-errors": "*",
        "@types/node": "*",
        "@types/send": "*"
      }
    },
    "node_modules/@types/stylus": {
      "version": "0.48.43",
      "resolved": "https://registry.npmjs.org/@types/stylus/-/stylus-0.48.43.tgz",
      "integrity": "sha512-72dv/zdhuyXWVHUXG2VTPEQdOG+oen95/DNFx2aMFFaY6LoITI6PwEqf5x31JF49kp2w9hvUzkNfTGBIeg61LQ==",
      "dev": true,
      "dependencies": {
        "@types/node": "*"
      }
    },
    "node_modules/@types/uid-safe": {
      "version": "2.1.5",
      "resolved": "https://registry.npmjs.org/@types/uid-safe/-/uid-safe-2.1.5.tgz",
      "integrity": "sha512-RwEfbxqXKEay2b5p8QQVllfnMbVPUZChiKKZ2M6+OSRRmvr4HTCCUZTWhr/QlmrMnNE0ViNBBbP1+5plF9OGRw==",
      "dev": true
    },
    "node_modules/@types/vary": {
      "version": "1.1.3",
      "resolved": "https://registry.npmjs.org/@types/vary/-/vary-1.1.3.tgz",
      "integrity": "sha512-XJT8/ZQCL7NUut9QDLf6l24JfAEl7bnNdgxfj50cHIpEPRJLHHDDFOAq6i+GsEmeFfH7NamhBE4c4Thtb2egWg==",
      "dev": true,
      "dependencies": {
        "@types/node": "*"
      }
    },
    "node_modules/csstype": {
      "version": "3.1.3",
      "resolved": "https://registry.npmjs.org/csstype/-/csstype-3.1.3.tgz",
      "integrity": "sha512-M1uQkMl8rQK/szD0LNhtqxIPLpimGm8sOBwU7lLnCpSbTyY3yeU1Vc7l4KT5zT4s/yOxHH5O7tIuuLOCnLADRw==",
      "dev": true
    },
    "node_modules/types-registry": {
      "version": "0.1.720",
      "resolved": "https://registry.npmjs.org/types-registry/-/types-registry-0.1.720.tgz",
      "integrity": "sha512-evt7az1gAfDPV5B1f139myzC+/Ete8eBqHN+pQJcRJhFQT1aPFc70s9QY24BK/7g+cXWxoYE+V7kwrFrLqHT/A=="
    },
    "node_modules/undici-types": {
      "version": "6.21.0",
      "resolved": "https://registry.npmjs.org/undici-types/-/undici-types-6.21.0.tgz",
      "integrity": "sha512-iwDZqg0QAGrg9Rav5H4n0M64c3mkR59cJ6wQp+7C4nI0gsmExaedaYLNO44eT4AtBBwjbTiGPMlt2Md0T9H9JQ==",
      "dev": true
    }
  }
}
